// !$*UTF8*$!
{
	archiveVersion = 1;
	classes = {
	};
	objectVersion = 46;
	objects = {

/* Begin PBXBuildFile section */
		7B0F4C981363017C00DE4938 /* UIKit.framework in Frameworks */ = {isa = PBXBuildFile; fileRef = 7B0F4C971363017C00DE4938 /* UIKit.framework */; };
		7B0F4C9A1363017C00DE4938 /* Foundation.framework in Frameworks */ = {isa = PBXBuildFile; fileRef = 7B0F4C991363017C00DE4938 /* Foundation.framework */; };
		7B0F4C9C1363017C00DE4938 /* CoreGraphics.framework in Frameworks */ = {isa = PBXBuildFile; fileRef = 7B0F4C9B1363017C00DE4938 /* CoreGraphics.framework */; };
		7B5F044B136302F3006782F8 /* MainWindow.xib in Resources */ = {isa = PBXBuildFile; fileRef = 7B5F0439136302F3006782F8 /* MainWindow.xib */; };
		7B5F044C136302F3006782F8 /* AppDelegate.m in Sources */ = {isa = PBXBuildFile; fileRef = 7B5F043C136302F3006782F8 /* AppDelegate.m */; };
		7B5F044D136302F3006782F8 /* AppViewController.m in Sources */ = {isa = PBXBuildFile; fileRef = 7B5F043E136302F3006782F8 /* AppViewController.m */; };
		7B5F044E136302F3006782F8 /* main.m in Sources */ = {isa = PBXBuildFile; fileRef = 7B5F043F136302F3006782F8 /* main.m */; };
		7B94AC4C136BF9900079ECCB /* PageView.m in Sources */ = {isa = PBXBuildFile; fileRef = 7B94AC4B136BF9900079ECCB /* PageView.m */; };
		7BC2ED65136C3A4100A9D610 /* MHPagingScrollView.m in Sources */ = {isa = PBXBuildFile; fileRef = 7BC2ED64136C3A4100A9D610 /* MHPagingScrollView.m */; };
/* End PBXBuildFile section */

/* Begin PBXFileReference section */
		7B0F4C931363017C00DE4938 /* Paging.app */ = {isa = PBXFileReference; explicitFileType = wrapper.application; includeInIndex = 0; path = Paging.app; sourceTree = BUILT_PRODUCTS_DIR; };
		7B0F4C971363017C00DE4938 /* UIKit.framework */ = {isa = PBXFileReference; lastKnownFileType = wrapper.framework; name = UIKit.framework; path = System/Library/Frameworks/UIKit.framework; sourceTree = SDKROOT; };
		7B0F4C991363017C00DE4938 /* Foundation.framework */ = {isa = PBXFileReference; lastKnownFileType = wrapper.framework; name = Foundation.framework; path = System/Library/Frameworks/Foundation.framework; sourceTree = SDKROOT; };
		7B0F4C9B1363017C00DE4938 /* CoreGraphics.framework */ = {isa = PBXFileReference; lastKnownFileType = wrapper.framework; name = CoreGraphics.framework; path = System/Library/Frameworks/CoreGraphics.framework; sourceTree = SDKROOT; };
		7B5F0438136302F3006782F8 /* Info.plist */ = {isa = PBXFileReference; fileEncoding = 4; lastKnownFileType = text.plist.xml; path = Info.plist; sourceTree = "<group>"; };
		7B5F0439136302F3006782F8 /* MainWindow.xib */ = {isa = PBXFileReference; fileEncoding = 4; lastKnownFileType = file.xib; path = MainWindow.xib; sourceTree = "<group>"; };
		7B5F043B136302F3006782F8 /* AppDelegate.h */ = {isa = PBXFileReference; fileEncoding = 4; lastKnownFileType = sourcecode.c.h; path = AppDelegate.h; sourceTree = "<group>"; };
		7B5F043C136302F3006782F8 /* AppDelegate.m */ = {isa = PBXFileReference; fileEncoding = 4; lastKnownFileType = sourcecode.c.objc; path = AppDelegate.m; sourceTree = "<group>"; };
		7B5F043D136302F3006782F8 /* AppViewController.h */ = {isa = PBXFileReference; fileEncoding = 4; lastKnownFileType = sourcecode.c.h; path = AppViewController.h; sourceTree = "<group>"; };
		7B5F043E136302F3006782F8 /* AppViewController.m */ = {isa = PBXFileReference; fileEncoding = 4; lastKnownFileType = sourcecode.c.objc; path = AppViewController.m; sourceTree = "<group>"; };
		7B5F043F136302F3006782F8 /* main.m */ = {isa = PBXFileReference; fileEncoding = 4; lastKnownFileType = sourcecode.c.objc; path = main.m; sourceTree = "<group>"; };
		7B5F0440136302F3006782F8 /* Prefix.pch */ = {isa = PBXFileReference; fileEncoding = 4; lastKnownFileType = sourcecode.c.h; path = Prefix.pch; sourceTree = "<group>"; };
		7B94AC4A136BF9900079ECCB /* PageView.h */ = {isa = PBXFileReference; fileEncoding = 4; lastKnownFileType = sourcecode.c.h; path = PageView.h; sourceTree = "<group>"; };
		7B94AC4B136BF9900079ECCB /* PageView.m */ = {isa = PBXFileReference; fileEncoding = 4; lastKnownFileType = sourcecode.c.objc; path = PageView.m; sourceTree = "<group>"; };
		7BC2ED63136C3A4100A9D610 /* MHPagingScrollView.h */ = {isa = PBXFileReference; fileEncoding = 4; lastKnownFileType = sourcecode.c.h; path = MHPagingScrollView.h; sourceTree = "<group>"; };
		7BC2ED64136C3A4100A9D610 /* MHPagingScrollView.m */ = {isa = PBXFileReference; fileEncoding = 4; lastKnownFileType = sourcecode.c.objc; path = MHPagingScrollView.m; sourceTree = "<group>"; };
/* End PBXFileReference section */

/* Begin PBXFrameworksBuildPhase section */
		7B0F4C901363017C00DE4938 /* Frameworks */ = {
			isa = PBXFrameworksBuildPhase;
			buildActionMask = 2147483647;
			files = (
				7B0F4C981363017C00DE4938 /* UIKit.framework in Frameworks */,
				7B0F4C9A1363017C00DE4938 /* Foundation.framework in Frameworks */,
				7B0F4C9C1363017C00DE4938 /* CoreGraphics.framework in Frameworks */,
			);
			runOnlyForDeploymentPostprocessing = 0;
		};
/* End PBXFrameworksBuildPhase section */

/* Begin PBXGroup section */
		7B0F4C881363017C00DE4938 = {
			isa = PBXGroup;
			children = (
				7B5F043A136302F3006782F8 /* Sources */,
				7B5F0437136302F3006782F8 /* Resources */,
				7B0F4C961363017C00DE4938 /* Frameworks */,
				7B0F4C941363017C00DE4938 /* Products */,
			);
			sourceTree = "<group>";
		};
		7B0F4C941363017C00DE4938 /* Products */ = {
			isa = PBXGroup;
			children = (
				7B0F4C931363017C00DE4938 /* Paging.app */,
			);
			name = Products;
			sourceTree = "<group>";
		};
		7B0F4C961363017C00DE4938 /* Frameworks */ = {
			isa = PBXGroup;
			children = (
				7B0F4C9B1363017C00DE4938 /* CoreGraphics.framework */,
				7B0F4C991363017C00DE4938 /* Foundation.framework */,
				7B0F4C971363017C00DE4938 /* UIKit.framework */,
			);
			name = Frameworks;
			sourceTree = "<group>";
		};
		7B5F0437136302F3006782F8 /* Resources */ = {
			isa = PBXGroup;
			children = (
				7B5F0438136302F3006782F8 /* Info.plist */,
				7B5F0439136302F3006782F8 /* MainWindow.xib */,
			);
			path = Resources;
			sourceTree = "<group>";
		};
		7B5F043A136302F3006782F8 /* Sources */ = {
			isa = PBXGroup;
			children = (
				7B5F043B136302F3006782F8 /* AppDelegate.h */,
				7B5F043C136302F3006782F8 /* AppDelegate.m */,
				7B5F043D136302F3006782F8 /* AppViewController.h */,
				7B5F043E136302F3006782F8 /* AppViewController.m */,
				7B5F043F136302F3006782F8 /* main.m */,
				7B5F0440136302F3006782F8 /* Prefix.pch */,
				7B94AC4A136BF9900079ECCB /* PageView.h */,
				7B94AC4B136BF9900079ECCB /* PageView.m */,
				7BC2ED63136C3A4100A9D610 /* MHPagingScrollView.h */,
				7BC2ED64136C3A4100A9D610 /* MHPagingScrollView.m */,
			);
			path = Sources;
			sourceTree = "<group>";
		};
/* End PBXGroup section */

/* Begin PBXNativeTarget section */
		7B0F4C921363017C00DE4938 /* Paging */ = {
			isa = PBXNativeTarget;
			buildConfigurationList = 7B0F4CB41363017C00DE4938 /* Build configuration list for PBXNativeTarget "Paging" */;
			buildPhases = (
				7B0F4C8F1363017C00DE4938 /* Sources */,
				7B0F4C901363017C00DE4938 /* Frameworks */,
				7B0F4C911363017C00DE4938 /* Resources */,
			);
			buildRules = (
			);
			dependencies = (
			);
			name = Paging;
			productName = App;
			productReference = 7B0F4C931363017C00DE4938 /* Paging.app */;
			productType = "com.apple.product-type.application";
		};
/* End PBXNativeTarget section */

/* Begin PBXProject section */
		7B0F4C8A1363017C00DE4938 /* Project object */ = {
			isa = PBXProject;
			attributes = {
				LastUpgradeCheck = 0420;
				ORGANIZATIONNAME = Hollance;
			};
			buildConfigurationList = 7B0F4C8D1363017C00DE4938 /* Build configuration list for PBXProject "Paging" */;
			compatibilityVersion = "Xcode 3.2";
			developmentRegion = English;
			hasScannedForEncodings = 0;
			knownRegions = (
				en,
			);
			mainGroup = 7B0F4C881363017C00DE4938;
			productRefGroup = 7B0F4C941363017C00DE4938 /* Products */;
			projectDirPath = "";
			projectRoot = "";
			targets = (
				7B0F4C921363017C00DE4938 /* Paging */,
			);
		};
/* End PBXProject section */

/* Begin PBXResourcesBuildPhase section */
		7B0F4C911363017C00DE4938 /* Resources */ = {
			isa = PBXResourcesBuildPhase;
			buildActionMask = 2147483647;
			files = (
				7B5F044B136302F3006782F8 /* MainWindow.xib in Resources */,
			);
			runOnlyForDeploymentPostprocessing = 0;
		};
/* End PBXResourcesBuildPhase section */

/* Begin PBXSourcesBuildPhase section */
		7B0F4C8F1363017C00DE4938 /* Sources */ = {
			isa = PBXSourcesBuildPhase;
			buildActionMask = 2147483647;
			files = (
				7B5F044C136302F3006782F8 /* AppDelegate.m in Sources */,
				7B5F044D136302F3006782F8 /* AppViewController.m in Sources */,
				7B5F044E136302F3006782F8 /* main.m in Sources */,
				7B94AC4C136BF9900079ECCB /* PageView.m in Sources */,
				7BC2ED65136C3A4100A9D610 /* MHPagingScrollView.m in Sources */,
			);
			runOnlyForDeploymentPostprocessing = 0;
		};
/* End PBXSourcesBuildPhase section */

/* Begin XCBuildConfiguration section */
		7B0F4CB21363017C00DE4938 /* Debug */ = {
			isa = XCBuildConfiguration;
			buildSettings = {
				ARCHS = "$(ARCHS_STANDARD_32_BIT)";
				"CODE_SIGN_IDENTITY[sdk=iphoneos*]" = "iPhone Developer";
				GCC_C_LANGUAGE_STANDARD = gnu99;
				GCC_OPTIMIZATION_LEVEL = 0;
				GCC_PREPROCESSOR_DEFINITIONS = DEBUG;
				GCC_SYMBOLS_PRIVATE_EXTERN = NO;
				GCC_WARN_ABOUT_RETURN_TYPE = YES;
				GCC_WARN_UNUSED_VARIABLE = YES;
				IPHONEOS_DEPLOYMENT_TARGET = 4.3;
				SDKROOT = iphoneos;
			};
			name = Debug;
		};
		7B0F4CB31363017C00DE4938 /* Release */ = {
			isa = XCBuildConfiguration;
			buildSettings = {
				ARCHS = "$(ARCHS_STANDARD_32_BIT)";
				"CODE_SIGN_IDENTITY[sdk=iphoneos*]" = "iPhone Developer";
				GCC_C_LANGUAGE_STANDARD = gnu99;
				GCC_WARN_ABOUT_RETURN_TYPE = YES;
				GCC_WARN_UNUSED_VARIABLE = YES;
				IPHONEOS_DEPLOYMENT_TARGET = 4.3;
				OTHER_CFLAGS = "-DNS_BLOCK_ASSERTIONS=1";
				SDKROOT = iphoneos;
			};
			name = Release;
		};
		7B0F4CB51363017C00DE4938 /* Debug */ = {
			isa = XCBuildConfiguration;
			buildSettings = {
				ALWAYS_SEARCH_USER_PATHS = NO;
				COPY_PHASE_STRIP = NO;
				GCC_DYNAMIC_NO_PIC = NO;
				GCC_PRECOMPILE_PREFIX_HEADER = YES;
				GCC_PREFIX_HEADER = Sources/Prefix.pch;
				INFOPLIST_FILE = Resources/Info.plist;
				IPHONEOS_DEPLOYMENT_TARGET = 3.0;
				PRODUCT_NAME = "$(TARGET_NAME)";
				RUN_CLANG_STATIC_ANALYZER = YES;
				WARNING_CFLAGS = "-Wall";
				WRAPPER_EXTENSION = app;
			};
			name = Debug;
		};
		7B0F4CB61363017C00DE4938 /* Release */ = {
			isa = XCBuildConfiguration;
			buildSettings = {
				ALWAYS_SEARCH_USER_PATHS = NO;
				COPY_PHASE_STRIP = YES;
				GCC_PRECOMPILE_PREFIX_HEADER = YES;
				GCC_PREFIX_HEADER = Sources/Prefix.pch;
				INFOPLIST_FILE = Resources/Info.plist;
				IPHONEOS_DEPLOYMENT_TARGET = 3.0;
				PRODUCT_NAME = "$(TARGET_NAME)";
				RUN_CLANG_STATIC_ANALYZER = YES;
				VALIDATE_PRODUCT = YES;
				WARNING_CFLAGS = "-Wall";
				WRAPPER_EXTENSION = app;
			};
			name = Release;
		};
/* End XCBuildConfiguration section */

/* Begin XCConfigurationList section */
		7B0F4C8D1363017C00DE4938 /* Build configuration list for PBXProject "Paging" */ = {
			isa = XCConfigurationList;
			buildConfigurations = (
				7B0F4CB21363017C00DE4938 /* Debug */,
				7B0F4CB31363017C00DE4938 /* Release */,
			);
			defaultConfigurationIsVisible = 0;
			defaultConfigurationName = Release;
		};
		7B0F4CB41363017C00DE4938 /* Build configuration list for PBXNativeTarget "Paging" */ = {
			isa = XCConfigurationList;
			buildConfigurations = (
				7B0F4CB51363017C00DE4938 /* Debug */,
				7B0F4CB61363017C00DE4938 /* Release */,
			);
			defaultConfigurationIsVisible = 0;
			defaultConfigurationName = Release;
		};
/* End XCConfigurationList section */
	};
	rootObject = 7B0F4C8A1363017C00DE4938 /* Project object */;
}
